
Microsoft Visual Studio Solution File, Format Version 12.00
# Visual Studio 15
VisualStudioVersion = 15.0.27703.2042
MinimumVisualStudioVersion = 10.0.40219.1
Project("{FAE04EC0-301F-11D3-BF4B-00C04F79EFBC}") = "StandBand.Android", "StandBand\StandBand.Android\StandBand.Android.csproj", "{532609D6-0805-4574-8AD3-24C15AD04398}"
EndProject
Project("{FAE04EC0-301F-11D3-BF4B-00C04F79EFBC}") = "StandBand.iOS", "StandBand\StandBand.iOS\StandBand.iOS.csproj", "{23BBE420-3A75-46E1-A431-1566B9F8BA92}"
EndProject
Project("{D954291E-2A0B-460D-934E-DC6B0785DB48}") = "StandBand", "StandBand\StandBand\StandBand.shproj", "{0ACD1CB3-166F-4675-8635-0EA26BB60026}"
EndProject
Global
	GlobalSection(SharedMSBuildProjectFiles) = preSolution
		StandBand\StandBand\StandBand.projitems*{0acd1cb3-166f-4675-8635-0ea26bb60026}*SharedItemsImports = 13
		StandBand\StandBand\StandBand.projitems*{23bbe420-3a75-46e1-a431-1566b9f8ba92}*SharedItemsImports = 4
		StandBand\StandBand\StandBand.projitems*{532609d6-0805-4574-8ad3-24c15ad04398}*SharedItemsImports = 4
	EndGlobalSection
	GlobalSection(SolutionConfigurationPlatforms) = preSolution
		Ad-Hoc|Any CPU = Ad-Hoc|Any CPU
		Ad-Hoc|iPhone = Ad-Hoc|iPhone
		Ad-Hoc|iPhoneSimulator = Ad-Hoc|iPhoneSimulator
		AppStore|Any CPU = AppStore|Any CPU
		AppStore|iPhone = AppStore|iPhone
		AppStore|iPhoneSimulator = AppStore|iPhoneSimulator
		Debug|Any CPU = Debug|Any CPU
		Debug|iPhone = Debug|iPhone
		Debug|iPhoneSimulator = Debug|iPhoneSimulator
		Release|Any CPU = Release|Any CPU
		Release|iPhone = Release|iPhone
		Release|iPhoneSimulator = Release|iPhoneSimulator
	EndGlobalSection
	GlobalSection(ProjectConfigurationPlatforms) = postSolution
		{532609D6-0805-4574-8AD3-24C15AD04398}.Ad-Hoc|Any CPU.ActiveCfg = Release|Any CPU
		{532609D6-0805-4574-8AD3-24C15AD04398}.Ad-Hoc|Any CPU.Build.0 = Release|Any CPU
		{532609D6-0805-4574-8AD3-24C15AD04398}.Ad-Hoc|Any CPU.Deploy.0 = Release|Any CPU
		{532609D6-0805-4574-8AD3-24C15AD04398}.Ad-Hoc|iPhone.ActiveCfg = Release|Any CPU
		{532609D6-0805-4574-8AD3-24C15AD04398}.Ad-Hoc|iPhone.Build.0 = Release|Any CPU
		{532609D6-0805-4574-8AD3-24C15AD04398}.Ad-Hoc|iPhone.Deploy.0 = Release|Any CPU
		{532609D6-0805-4574-8AD3-24C15AD04398}.Ad-Hoc|iPhoneSimulator.ActiveCfg = Release|Any CPU
		{532609D6-0805-4574-8AD3-24C15AD04398}.Ad-Hoc|iPhoneSimulator.Build.0 = Release|Any CPU
		{532609D6-0805-4574-8AD3-24C15AD04398}.Ad-Hoc|iPhoneSimulator.Deploy.0 = Release|Any CPU
		{532609D6-0805-4574-8AD3-24C15AD04398}.AppStore|Any CPU.ActiveCfg = Release|Any CPU
		{532609D6-0805-4574-8AD3-24C15AD04398}.AppStore|Any CPU.Build.0 = Release|Any CPU
		{532609D6-0805-4574-8AD3-24C15AD04398}.AppStore|Any CPU.Deploy.0 = Release|Any CPU
		{532609D6-0805-4574-8AD3-24C15AD04398}.AppStore|iPhone.ActiveCfg = Release|Any CPU
		{532609D6-0805-4574-8AD3-24C15AD04398}.AppStore|iPhone.Build.0 = Release|Any CPU
		{532609D6-0805-4574-8AD3-24C15AD04398}.AppStore|iPhone.Deploy.0 = Release|Any CPU
		{532609D6-0805-4574-8AD3-24C15AD04398}.AppStore|iPhoneSimulator.ActiveCfg = Release|Any CPU
		{532609D6-0805-4574-8AD3-24C15AD04398}.AppStore|iPhoneSimulator.Build.0 = Release|Any CPU
		{532609D6-0805-4574-8AD3-24C15AD04398}.AppStore|iPhoneSimulator.Deploy.0 = Release|Any CPU
		{532609D6-0805-4574-8AD3-24C15AD04398}.Debug|Any CPU.ActiveCfg = Debug|Any CPU
		{532609D6-0805-4574-8AD3-24C15AD04398}.Debug|Any CPU.Build.0 = Debug|Any CPU
		{532609D6-0805-4574-8AD3-24C15AD04398}.Debug|Any CPU.Deploy.0 = Debug|Any CPU
		{532609D6-0805-4574-8AD3-24C15AD04398}.Debug|iPhone.ActiveCfg = Debug|Any CPU
		{532609D6-0805-4574-8AD3-24C15AD04398}.Debug|iPhone.Build.0 = Debug|Any CPU
		{532609D6-0805-4574-8AD3-24C15AD04398}.Debug|iPhone.Deploy.0 = Debug|Any CPU
		{532609D6-0805-4574-8AD3-24C15AD04398}.Debug|iPhoneSimulator.ActiveCfg = Debug|Any CPU
		{532609D6-0805-4574-8AD3-24C15AD04398}.Debug|iPhoneSimulator.Build.0 = Debug|Any CPU
		{532609D6-0805-4574-8AD3-24C15AD04398}.Debug|iPhoneSimulator.Deploy.0 = Debug|Any CPU
		{532609D6-0805-4574-8AD3-24C15AD04398}.Release|Any CPU.ActiveCfg = Release|Any CPU
		{532609D6-0805-4574-8AD3-24C15AD04398}.Release|Any CPU.Build.0 = Release|Any CPU
		{532609D6-0805-4574-8AD3-24C15AD04398}.Release|Any CPU.Deploy.0 = Release|Any CPU
		{532609D6-0805-4574-8AD3-24C15AD04398}.Release|iPhone.ActiveCfg = Release|Any CPU
		{532609D6-0805-4574-8AD3-24C15AD04398}.Release|iPhone.Build.0 = Release|Any CPU
		{532609D6-0805-4574-8AD3-24C15AD04398}.Release|iPhone.Deploy.0 = Release|Any CPU
		{532609D6-0805-4574-8AD3-24C15AD04398}.Release|iPhoneSimulator.ActiveCfg = Release|Any CPU
		{532609D6-0805-4574-8AD3-24C15AD04398}.Release|iPhoneSimulator.Build.0 = Release|Any CPU
		{532609D6-0805-4574-8AD3-24C15AD04398}.Release|iPhoneSimulator.Deploy.0 = Release|Any CPU
		{23BBE420-3A75-46E1-A431-1566B9F8BA92}.Ad-Hoc|Any CPU.ActiveCfg = Ad-Hoc|iPhone
		{23BBE420-3A75-46E1-A431-1566B9F8BA92}.Ad-Hoc|Any CPU.Build.0 = Ad-Hoc|iPhone
		{23BBE420-3A75-46E1-A431-1566B9F8BA92}.Ad-Hoc|Any CPU.Deploy.0 = Ad-Hoc|iPhone
		{23BBE420-3A75-46E1-A431-1566B9F8BA92}.Ad-Hoc|iPhone.ActiveCfg = Ad-Hoc|iPhone
		{23BBE420-3A75-46E1-A431-1566B9F8BA92}.Ad-Hoc|iPhone.Build.0 = Ad-Hoc|iPhone
		{23BBE420-3A75-46E1-A431-1566B9F8BA92}.Ad-Hoc|iPhone.Deploy.0 = Ad-Hoc|iPhone
		{23BBE420-3A75-46E1-A431-1566B9F8BA92}.Ad-Hoc|iPhoneSimulator.ActiveCfg = Ad-Hoc|iPhoneSimulator
		{23BBE420-3A75-46E1-A431-1566B9F8BA92}.Ad-Hoc|iPhoneSimulator.Build.0 = Ad-Hoc|iPhoneSimulator
		{23BBE420-3A75-46E1-A431-1566B9F8BA92}.Ad-Hoc|iPhoneSimulator.Deploy.0 = Ad-Hoc|iPhoneSimulator
		{23BBE420-3A75-46E1-A431-1566B9F8BA92}.AppStore|Any CPU.ActiveCfg = AppStore|iPhone
		{23BBE420-3A75-46E1-A431-1566B9F8BA92}.AppStore|Any CPU.Build.0 = AppStore|iPhone
		{23BBE420-3A75-46E1-A431-1566B9F8BA92}.AppStore|Any CPU.Deploy.0 = AppStore|iPhone
		{23BBE420-3A75-46E1-A431-1566B9F8BA92}.AppStore|iPhone.ActiveCfg = AppStore|iPhone
		{23BBE420-3A75-46E1-A431-1566B9F8BA92}.AppStore|iPhone.Build.0 = AppStore|iPhone
		{23BBE420-3A75-46E1-A431-1566B9F8BA92}.AppStore|iPhone.Deploy.0 = AppStore|iPhone
		{23BBE420-3A75-46E1-A431-1566B9F8BA92}.AppStore|iPhoneSimulator.ActiveCfg = AppStore|iPhoneSimulator
		{23BBE420-3A75-46E1-A431-1566B9F8BA92}.AppStore|iPhoneSimulator.Build.0 = AppStore|iPhoneSimulator
		{23BBE420-3A75-46E1-A431-1566B9F8BA92}.AppStore|iPhoneSimulator.Deploy.0 = AppStore|iPhoneSimulator
		{23BBE420-3A75-46E1-A431-1566B9F8BA92}.Debug|Any CPU.ActiveCfg = Debug|iPhoneSimulator
		{23BBE420-3A75-46E1-A431-1566B9F8BA92}.Debug|Any CPU.Build.0 = Debug|iPhoneSimulator
		{23BBE420-3A75-46E1-A431-1566B9F8BA92}.Debug|Any CPU.Deploy.0 = Debug|iPhoneSimulator
		{23BBE420-3A75-46E1-A431-1566B9F8BA92}.Debug|iPhone.ActiveCfg = Debug|iPhone
		{23BBE420-3A75-46E1-A431-1566B9F8BA92}.Debug|iPhone.Build.0 = Debug|iPhone
		{23BBE420-3A75-46E1-A431-1566B9F8BA92}.Debug|iPhone.Deploy.0 = Debug|iPhone
		{23BBE420-3A75-46E1-A431-1566B9F8BA92}.Debug|iPhoneSimulator.ActiveCfg = Debug|iPhoneSimulator
		{23BBE420-3A75-46E1-A431-1566B9F8BA92}.Debug|iPhoneSimulator.Build.0 = Debug|iPhoneSimulator
		{23BBE420-3A75-46E1-A431-1566B9F8BA92}.Debug|iPhoneSimulator.Deploy.0 = Debug|iPhoneSimulator
		{23BBE420-3A75-46E1-A431-1566B9F8BA92}.Release|Any CPU.ActiveCfg = Release|iPhone
		{23BBE420-3A75-46E1-A431-1566B9F8BA92}.Release|Any CPU.Build.0 = Release|iPhone
		{23BBE420-3A75-46E1-A431-1566B9F8BA92}.Release|Any CPU.Deploy.0 = Release|iPhone
		{23BBE420-3A75-46E1-A431-1566B9F8BA92}.Release|iPhone.ActiveCfg = Release|iPhone
		{23BBE420-3A75-46E1-A431-1566B9F8BA92}.Release|iPhone.Build.0 = Release|iPhone
		{23BBE420-3A75-46E1-A431-1566B9F8BA92}.Release|iPhone.Deploy.0 = Release|iPhone
		{23BBE420-3A75-46E1-A431-1566B9F8BA92}.Release|iPhoneSimulator.ActiveCfg = Release|iPhoneSimulator
		{23BBE420-3A75-46E1-A431-1566B9F8BA92}.Release|iPhoneSimulator.Build.0 = Release|iPhoneSimulator
		{23BBE420-3A75-46E1-A431-1566B9F8BA92}.Release|iPhoneSimulator.Deploy.0 = Release|iPhoneSimulator
	EndGlobalSection
	GlobalSection(SolutionProperties) = preSolution
		HideSolutionNode = FALSE
	EndGlobalSection
	GlobalSection(ExtensibilityGlobals) = postSolution
		SolutionGuid = {C7BD8F8D-3140-4C51-9B26-ED821A429372}
	EndGlobalSection
EndGlobal
